PODS:
  - Flutter (1.0.0)
  - flutter_foreground_task (0.0.1):
    - Flutter
  - health (13.3.1):
    - Flutter
  - open_filex (0.0.2):
    - Flutter
  - pedometer_2 (0.0.1):
    - Flutter
  - sign_in_with_apple (0.0.1):
    - Flutter
  - workmanager_apple (0.0.1):
    - Flutter

DEPENDENCIES:
  - Flutter (from `Flutter`)
  - flutter_foreground_task (from `.symlinks/plugins/flutter_foreground_task/ios`)
  - health (from `.symlinks/plugins/health/ios`)
  - open_filex (from `.symlinks/plugins/open_filex/ios`)
  - pedometer_2 (from `.symlinks/plugins/pedometer_2/ios`)
  - sign_in_with_apple (from `.symlinks/plugins/sign_in_with_apple/ios`)
  - workmanager_apple (from `.symlinks/plugins/workmanager_apple/ios`)

EXTERNAL SOURCES:
  Flutter:
    :path: Flutter
  flutter_foreground_task:
    :path: ".symlinks/plugins/flutter_foreground_task/ios"
  health:
    :path: ".symlinks/plugins/health/ios"
  open_filex:
    :path: ".symlinks/plugins/open_filex/ios"
  pedometer_2:
    :path: ".symlinks/plugins/pedometer_2/ios"
  sign_in_with_apple:
    :path: ".symlinks/plugins/sign_in_with_apple/ios"
  workmanager_apple:
    :path: ".symlinks/plugins/workmanager_apple/ios"

SPEC CHECKSUMS:
  Flutter: cabc95a1d2626b1b06e7179b784ebcf0c0cde467
  flutter_foreground_task: a159d2c2173b33699ddb3e6c2a067045d7cebb89
  health: 4decf5d74e8f54c58a8c07a385fc72f629a831d9
  open_filex: 432f3cd11432da3e39f47fcc0df2b1603854eff1
  pedometer_2: dbedf4f42eb698358d1f6231ef97e29ae6b0411f
  sign_in_with_apple: c5dcc141574c8c54d5ac99dd2163c0c72ad22418
  workmanager_apple: 904529ae31e97fc5be632cf628507652294a0778

PODFILE CHECKSUM: a9b054bad13d8abc452fc085336dfdaabbc878c4

COCOAPODS: 1.16.2
